Microsoft Visual Studio Solution File, Format Version 12.00
# Visual Studio 2012
Project("{FAE04EC0-301F-11D3-BF4B-00C04F79EFBC}") = "ResApp", "Res\ResApp.csproj", "{1C681666-1A15-4DE0-94C7-1BF703C9A761}"
EndProject
Project("{FAE04EC0-301F-11D3-BF4B-00C04F79EFBC}") = "Common", "Common\Common.csproj", "{CF47FF35-0C23-4530-A562-D339A11B5F99}"
EndProject
Project("{FAE04EC0-301F-11D3-BF4B-00C04F79EFBC}") = "Common.Wpf", "Common.Wpf\Common.Wpf.csproj", "{3FD09B7F-EB15-413F-9946-A4B2C6ED834F}"
EndProject
Project("{FAE04EC0-301F-11D3-BF4B-00C04F79EFBC}") = "ResApp.Resources", "ResApp.Resources\ResApp.Resources.csproj", "{6114BD63-3629-4D5D-A46B-143552C5EF36}"
EndProject
Global
	GlobalSection(SolutionConfigurationPlatforms) = preSolution
		Debug|Any CPU = Debug|Any CPU
		Release|Any CPU = Release|Any CPU
	EndGlobalSection
	GlobalSection(ProjectConfigurationPlatforms) = postSolution
		{1C681666-1A15-4DE0-94C7-1BF703C9A761}.Debug|Any CPU.ActiveCfg = Debug|Any CPU
		{1C681666-1A15-4DE0-94C7-1BF703C9A761}.Debug|Any CPU.Build.0 = Debug|Any CPU
		{1C681666-1A15-4DE0-94C7-1BF703C9A761}.Release|Any CPU.ActiveCfg = Release|Any CPU
		{1C681666-1A15-4DE0-94C7-1BF703C9A761}.Release|Any CPU.Build.0 = Release|Any CPU
		{CF47FF35-0C23-4530-A562-D339A11B5F99}.Debug|Any CPU.ActiveCfg = Debug|Any CPU
		{CF47FF35-0C23-4530-A562-D339A11B5F99}.Debug|Any CPU.Build.0 = Debug|Any CPU
		{CF47FF35-0C23-4530-A562-D339A11B5F99}.Release|Any CPU.ActiveCfg = Release|Any CPU
		{CF47FF35-0C23-4530-A562-D339A11B5F99}.Release|Any CPU.Build.0 = Release|Any CPU
		{3FD09B7F-EB15-413F-9946-A4B2C6ED834F}.Debug|Any CPU.ActiveCfg = Debug|Any CPU
		{3FD09B7F-EB15-413F-9946-A4B2C6ED834F}.Debug|Any CPU.Build.0 = Debug|Any CPU
		{3FD09B7F-EB15-413F-9946-A4B2C6ED834F}.Release|Any CPU.ActiveCfg = Release|Any CPU
		{3FD09B7F-EB15-413F-9946-A4B2C6ED834F}.Release|Any CPU.Build.0 = Release|Any CPU
		{6114BD63-3629-4D5D-A46B-143552C5EF36}.Debug|Any CPU.ActiveCfg = Debug|Any CPU
		{6114BD63-3629-4D5D-A46B-143552C5EF36}.Debug|Any CPU.Build.0 = Debug|Any CPU
		{6114BD63-3629-4D5D-A46B-143552C5EF36}.Release|Any CPU.ActiveCfg = Release|Any CPU
		{6114BD63-3629-4D5D-A46B-143552C5EF36}.Release|Any CPU.Build.0 = Release|Any CPU
	EndGlobalSection
	GlobalSection(SolutionProperties) = preSolution
		HideSolutionNode = FALSE
	EndGlobalSection
EndGlobal
